{
  "requires": true,
  "lockfileVersion": 1,
  "dependencies": {
    "rxjs": {
      "version": "5.5.5",
      "resolved": "http://registry.npm.taobao.org/rxjs/download/rxjs-5.5.5.tgz",
      "integrity": "sha1-4WTxHTjq8p9W8Iw0R/dP8C3YTpc=",
      "requires": {
        "symbol-observable": "1.0.1"
      }
    },
    "symbol-observable": {
      "version": "1.0.1",
      "resolved": "http://registry.npm.taobao.org/symbol-observable/download/symbol-observable-1.0.1.tgz",
      "integrity": "sha1-g0D8RwLDEi310iKI+IKD9RPT/dQ="
    }
  }
}
